
Microsoft Visual Studio Solution File, Format Version 12.00
# Visual Studio Version 16
VisualStudioVersion = 16.0.30717.126
MinimumVisualStudioVersion = 10.0.40219.1
Project("{FAE04EC0-301F-11D3-BF4B-00C04F79EFBC}") = "Merge-Intervall", "Merge-Intervall\Merge-Intervall.csproj", "{98B4792D-CCC7-46DC-BDAC-F9512796BDDD}"
EndProject
Global
	GlobalSection(SolutionConfigurationPlatforms) = preSolution
		Debug|Any CPU = Debug|Any CPU
		Release|Any CPU = Release|Any CPU
	EndGlobalSection
	GlobalSection(ProjectConfigurationPlatforms) = postSolution
		{98B4792D-CCC7-46DC-BDAC-F9512796BDDD}.Debug|Any CPU.ActiveCfg = Debug|Any CPU
		{98B4792D-CCC7-46DC-BDAC-F9512796BDDD}.Debug|Any CPU.Build.0 = Debug|Any CPU
		{98B4792D-CCC7-46DC-BDAC-F9512796BDDD}.Release|Any CPU.ActiveCfg = Release|Any CPU
		{98B4792D-CCC7-46DC-BDAC-F9512796BDDD}.Release|Any CPU.Build.0 = Release|Any CPU
	EndGlobalSection
	GlobalSection(SolutionProperties) = preSolution
		HideSolutionNode = FALSE
	EndGlobalSection
	GlobalSection(ExtensibilityGlobals) = postSolution
		SolutionGuid = {C9469E3B-3E5A-4EEE-8890-CF637E160EA5}
	EndGlobalSection
EndGlobal
